
Microsoft Visual Studio Solution File, Format Version 12.00
# Visual Studio Version 16
VisualStudioVersion = 16.0.29519.87
MinimumVisualStudioVersion = 10.0.40219.1
Project("{FAE04EC0-301F-11D3-BF4B-00C04F79EFBC}") = "GellacoMCJ.Website", "GellacoMCJ.Website\GellacoMCJ.Website.csproj", "{B770132A-B6F6-4AB7-80E9-E859E80129F9}"
EndProject
Global
	GlobalSection(SolutionConfigurationPlatforms) = preSolution
		Debug|Any CPU = Debug|Any CPU
		Release|Any CPU = Release|Any CPU
	EndGlobalSection
	GlobalSection(ProjectConfigurationPlatforms) = postSolution
		{B770132A-B6F6-4AB7-80E9-E859E80129F9}.Debug|Any CPU.ActiveCfg = Debug|Any CPU
		{B770132A-B6F6-4AB7-80E9-E859E80129F9}.Debug|Any CPU.Build.0 = Debug|Any CPU
		{B770132A-B6F6-4AB7-80E9-E859E80129F9}.Release|Any CPU.ActiveCfg = Release|Any CPU
		{B770132A-B6F6-4AB7-80E9-E859E80129F9}.Release|Any CPU.Build.0 = Release|Any CPU
	EndGlobalSection
	GlobalSection(SolutionProperties) = preSolution
		HideSolutionNode = FALSE
	EndGlobalSection
	GlobalSection(ExtensibilityGlobals) = postSolution
		SolutionGuid = {6480F40E-FF8B-4F72-AC51-88A1983F23BE}
	EndGlobalSection
EndGlobal
